
Microsoft Visual Studio Solution File, Format Version 12.00
# Visual Studio Version 17
VisualStudioVersion = 17.8.34525.116
MinimumVisualStudioVersion = 10.0.40219.1
Project("{8BC9CEB8-8B4A-11D0-8D11-00A0C91BC942}") = "les7 num2", "les7 num2.vcxproj", "{345E98C4-04BB-4645-8204-3C0C294B0208}"
EndProject
Global
	GlobalSection(SolutionConfigurationPlatforms) = preSolution
		Debug|x64 = Debug|x64
		Debug|x86 = Debug|x86
		Release|x64 = Release|x64
		Release|x86 = Release|x86
	EndGlobalSection
	GlobalSection(ProjectConfigurationPlatforms) = postSolution
		{345E98C4-04BB-4645-8204-3C0C294B0208}.Debug|x64.ActiveCfg = Debug|x64
		{345E98C4-04BB-4645-8204-3C0C294B0208}.Debug|x64.Build.0 = Debug|x64
		{345E98C4-04BB-4645-8204-3C0C294B0208}.Debug|x86.ActiveCfg = Debug|Win32
		{345E98C4-04BB-4645-8204-3C0C294B0208}.Debug|x86.Build.0 = Debug|Win32
		{345E98C4-04BB-4645-8204-3C0C294B0208}.Release|x64.ActiveCfg = Release|x64
		{345E98C4-04BB-4645-8204-3C0C294B0208}.Release|x64.Build.0 = Release|x64
		{345E98C4-04BB-4645-8204-3C0C294B0208}.Release|x86.ActiveCfg = Release|Win32
		{345E98C4-04BB-4645-8204-3C0C294B0208}.Release|x86.Build.0 = Release|Win32
	EndGlobalSection
	GlobalSection(SolutionProperties) = preSolution
		HideSolutionNode = FALSE
	EndGlobalSection
	GlobalSection(ExtensibilityGlobals) = postSolution
		SolutionGuid = {28FC8902-60D7-43B2-BA17-18303E6A652E}
	EndGlobalSection
EndGlobal
